// !$*UTF8*$!
{
	archiveVersion = 1;
	classes = {
	};
	objectVersion = 56;
	objects = {

/* Begin PBXBuildFile section */
		46E7B0B42C1431ED0006F553 /* MovieDBApp.swift in Sources */ = {isa = PBXBuildFile; fileRef = 46E7B0B32C1431ED0006F553 /* MovieDBApp.swift */; };
		46E7B0B62C1431ED0006F553 /* ContentView.swift in Sources */ = {isa = PBXBuildFile; fileRef = 46E7B0B52C1431ED0006F553 /* ContentView.swift */; };
		46E7B0B82C1431EE0006F553 /* Assets.xcassets in Resources */ = {isa = PBXBuildFile; fileRef = 46E7B0B72C1431EE0006F553 /* Assets.xcassets */; };
		46E7B0BB2C1431EE0006F553 /* Preview Assets.xcassets in Resources */ = {isa = PBXBuildFile; fileRef = 46E7B0BA2C1431EE0006F553 /* Preview Assets.xcassets */; };
		46E7B0C52C1431EF0006F553 /* MovieDBTests.swift in Sources */ = {isa = PBXBuildFile; fileRef = 46E7B0C42C1431EF0006F553 /* MovieDBTests.swift */; };
		46E7B0CF2C1431EF0006F553 /* MovieDBUITests.swift in Sources */ = {isa = PBXBuildFile; fileRef = 46E7B0CE2C1431EF0006F553 /* MovieDBUITests.swift */; };
		46E7B0D12C1431EF0006F553 /* MovieDBUITestsLaunchTests.swift in Sources */ = {isa = PBXBuildFile; fileRef = 46E7B0D02C1431EF0006F553 /* MovieDBUITestsLaunchTests.swift */; };
		46E7B0DF2C1435570006F553 /* MovieListView.swift in Sources */ = {isa = PBXBuildFile; fileRef = 46E7B0DE2C1435570006F553 /* MovieListView.swift */; };
		46E7B0E12C1435670006F553 /* MovieCardView.swift in Sources */ = {isa = PBXBuildFile; fileRef = 46E7B0E02C1435670006F553 /* MovieCardView.swift */; };
		46E7B0E32C14358F0006F553 /* MoviePosterRatingView.swift in Sources */ = {isa = PBXBuildFile; fileRef = 46E7B0E22C14358F0006F553 /* MoviePosterRatingView.swift */; };
		46E7B0E52C14390A0006F553 /* RatingIndicatorView.swift in Sources */ = {isa = PBXBuildFile; fileRef = 46E7B0E42C14390A0006F553 /* RatingIndicatorView.swift */; };
		46E7B0E72C14648A0006F553 /* TrendingView.swift in Sources */ = {isa = PBXBuildFile; fileRef = 46E7B0E62C14648A0006F553 /* TrendingView.swift */; };
		46E7B0E92C1464D00006F553 /* TrendingHeadlineView.swift in Sources */ = {isa = PBXBuildFile; fileRef = 46E7B0E82C1464D00006F553 /* TrendingHeadlineView.swift */; };
		46E7B0EC2C158F7B0006F553 /* NowPlayingView.swift in Sources */ = {isa = PBXBuildFile; fileRef = 46E7B0EB2C158F7B0006F553 /* NowPlayingView.swift */; };
		46E7B0EE2C158FDD0006F553 /* NowPlayingHeadlineView.swift in Sources */ = {isa = PBXBuildFile; fileRef = 46E7B0ED2C158FDD0006F553 /* NowPlayingHeadlineView.swift */; };
		46E7B0F02C15931F0006F553 /* UpcomingView.swift in Sources */ = {isa = PBXBuildFile; fileRef = 46E7B0EF2C15931F0006F553 /* UpcomingView.swift */; };
		46E7B0F22C1593400006F553 /* TopRatedView.swift in Sources */ = {isa = PBXBuildFile; fileRef = 46E7B0F12C1593400006F553 /* TopRatedView.swift */; };
		46E7B0F42C1593B70006F553 /* HomePageView.swift in Sources */ = {isa = PBXBuildFile; fileRef = 46E7B0F32C1593B70006F553 /* HomePageView.swift */; };
		46E7B0F62C15943F0006F553 /* UpcomingHeadlineView.swift in Sources */ = {isa = PBXBuildFile; fileRef = 46E7B0F52C15943F0006F553 /* UpcomingHeadlineView.swift */; };
		46E7B0F82C15948E0006F553 /* TopRatedHeadlineView.swift in Sources */ = {isa = PBXBuildFile; fileRef = 46E7B0F72C15948E0006F553 /* TopRatedHeadlineView.swift */; };
		46E7B0FB2C15C2370006F553 /* Movie.swift in Sources */ = {isa = PBXBuildFile; fileRef = 46E7B0FA2C15C2360006F553 /* Movie.swift */; };
		46E7B0FE2C15C2BB0006F553 /* APIService.swift in Sources */ = {isa = PBXBuildFile; fileRef = 46E7B0FD2C15C2BB0006F553 /* APIService.swift */; };
		46E7B1042C174F770006F553 /* MovieViewModel.swift in Sources */ = {isa = PBXBuildFile; fileRef = 46E7B1032C174F770006F553 /* MovieViewModel.swift */; };
/* End PBXBuildFile section */

/* Begin PBXContainerItemProxy section */
		46E7B0C12C1431EF0006F553 /* PBXContainerItemProxy */ = {
			isa = PBXContainerItemProxy;
			containerPortal = 46E7B0A82C1431ED0006F553 /* Project object */;
			proxyType = 1;
			remoteGlobalIDString = 46E7B0AF2C1431ED0006F553;
			remoteInfo = MovieDB;
		};
		46E7B0CB2C1431EF0006F553 /* PBXContainerItemProxy */ = {
			isa = PBXContainerItemProxy;
			containerPortal = 46E7B0A82C1431ED0006F553 /* Project object */;
			proxyType = 1;
			remoteGlobalIDString = 46E7B0AF2C1431ED0006F553;
			remoteInfo = MovieDB;
		};
/* End PBXContainerItemProxy section */

/* Begin PBXFileReference section */
		46E7B0B02C1431ED0006F553 /* MovieDB.app */ = {isa = PBXFileReference; explicitFileType = wrapper.application; includeInIndex = 0; path = MovieDB.app; sourceTree = BUILT_PRODUCTS_DIR; };
		46E7B0B32C1431ED0006F553 /* MovieDBApp.swift */ = {isa = PBXFileReference; lastKnownFileType = sourcecode.swift; path = MovieDBApp.swift; sourceTree = "<group>"; };
		46E7B0B52C1431ED0006F553 /* ContentView.swift */ = {isa = PBXFileReference; lastKnownFileType = sourcecode.swift; path = ContentView.swift; sourceTree = "<group>"; };
		46E7B0B72C1431EE0006F553 /* Assets.xcassets */ = {isa = PBXFileReference; lastKnownFileType = folder.assetcatalog; path = Assets.xcassets; sourceTree = "<group>"; };
		46E7B0BA2C1431EE0006F553 /* Preview Assets.xcassets */ = {isa = PBXFileReference; lastKnownFileType = folder.assetcatalog; path = "Preview Assets.xcassets"; sourceTree = "<group>"; };
		46E7B0C02C1431EF0006F553 /* MovieDBTests.xctest */ = {isa = PBXFileReference; explicitFileType = wrapper.cfbundle; includeInIndex = 0; path = MovieDBTests.xctest; sourceTree = BUILT_PRODUCTS_DIR; };
		46E7B0C42C1431EF0006F553 /* MovieDBTests.swift */ = {isa = PBXFileReference; lastKnownFileType = sourcecode.swift; path = MovieDBTests.swift; sourceTree = "<group>"; };
		46E7B0CA2C1431EF0006F553 /* MovieDBUITests.xctest */ = {isa = PBXFileReference; explicitFileType = wrapper.cfbundle; includeInIndex = 0; path = MovieDBUITests.xctest; sourceTree = BUILT_PRODUCTS_DIR; };
		46E7B0CE2C1431EF0006F553 /* MovieDBUITests.swift */ = {isa = PBXFileReference; lastKnownFileType = sourcecode.swift; path = MovieDBUITests.swift; sourceTree = "<group>"; };
		46E7B0D02C1431EF0006F553 /* MovieDBUITestsLaunchTests.swift */ = {isa = PBXFileReference; lastKnownFileType = sourcecode.swift; path = MovieDBUITestsLaunchTests.swift; sourceTree = "<group>"; };
		46E7B0DE2C1435570006F553 /* MovieListView.swift */ = {isa = PBXFileReference; lastKnownFileType = sourcecode.swift; path = MovieListView.swift; sourceTree = "<group>"; };
		46E7B0E02C1435670006F553 /* MovieCardView.swift */ = {isa = PBXFileReference; lastKnownFileType = sourcecode.swift; path = MovieCardView.swift; sourceTree = "<group>"; };
		46E7B0E22C14358F0006F553 /* MoviePosterRatingView.swift */ = {isa = PBXFileReference; lastKnownFileType = sourcecode.swift; path = MoviePosterRatingView.swift; sourceTree = "<group>"; };
		46E7B0E42C14390A0006F553 /* RatingIndicatorView.swift */ = {isa = PBXFileReference; lastKnownFileType = sourcecode.swift; path = RatingIndicatorView.swift; sourceTree = "<group>"; };
		46E7B0E62C14648A0006F553 /* TrendingView.swift */ = {isa = PBXFileReference; lastKnownFileType = sourcecode.swift; path = TrendingView.swift; sourceTree = "<group>"; };
		46E7B0E82C1464D00006F553 /* TrendingHeadlineView.swift */ = {isa = PBXFileReference; lastKnownFileType = sourcecode.swift; path = TrendingHeadlineView.swift; sourceTree = "<group>"; };
		46E7B0EB2C158F7B0006F553 /* NowPlayingView.swift */ = {isa = PBXFileReference; lastKnownFileType = sourcecode.swift; path = NowPlayingView.swift; sourceTree = "<group>"; };
		46E7B0ED2C158FDD0006F553 /* NowPlayingHeadlineView.swift */ = {isa = PBXFileReference; lastKnownFileType = sourcecode.swift; path = NowPlayingHeadlineView.swift; sourceTree = "<group>"; };
		46E7B0EF2C15931F0006F553 /* UpcomingView.swift */ = {isa = PBXFileReference; lastKnownFileType = sourcecode.swift; path = UpcomingView.swift; sourceTree = "<group>"; };
		46E7B0F12C1593400006F553 /* TopRatedView.swift */ = {isa = PBXFileReference; lastKnownFileType = sourcecode.swift; path = TopRatedView.swift; sourceTree = "<group>"; };
		46E7B0F32C1593B70006F553 /* HomePageView.swift */ = {isa = PBXFileReference; lastKnownFileType = sourcecode.swift; path = HomePageView.swift; sourceTree = "<group>"; };
		46E7B0F52C15943F0006F553 /* UpcomingHeadlineView.swift */ = {isa = PBXFileReference; lastKnownFileType = sourcecode.swift; path = UpcomingHeadlineView.swift; sourceTree = "<group>"; };
		46E7B0F72C15948E0006F553 /* TopRatedHeadlineView.swift */ = {isa = PBXFileReference; lastKnownFileType = sourcecode.swift; path = TopRatedHeadlineView.swift; sourceTree = "<group>"; };
		46E7B0FA2C15C2360006F553 /* Movie.swift */ = {isa = PBXFileReference; lastKnownFileType = sourcecode.swift; path = Movie.swift; sourceTree = "<group>"; };
		46E7B0FD2C15C2BB0006F553 /* APIService.swift */ = {isa = PBXFileReference; lastKnownFileType = sourcecode.swift; path = APIService.swift; sourceTree = "<group>"; };
		46E7B1032C174F770006F553 /* MovieViewModel.swift */ = {isa = PBXFileReference; lastKnownFileType = sourcecode.swift; path = MovieViewModel.swift; sourceTree = "<group>"; };
/* End PBXFileReference section */

/* Begin PBXFrameworksBuildPhase section */
		46E7B0AD2C1431ED0006F553 /* Frameworks */ = {
			isa = PBXFrameworksBuildPhase;
			buildActionMask = 2147483647;
			files = (
			);
			runOnlyForDeploymentPostprocessing = 0;
		};
		46E7B0BD2C1431EF0006F553 /* Frameworks */ = {
			isa = PBXFrameworksBuildPhase;
			buildActionMask = 2147483647;
			files = (
			);
			runOnlyForDeploymentPostprocessing = 0;
		};
		46E7B0C72C1431EF0006F553 /* Frameworks */ = {
			isa = PBXFrameworksBuildPhase;
			buildActionMask = 2147483647;
			files = (
			);
			runOnlyForDeploymentPostprocessing = 0;
		};
/* End PBXFrameworksBuildPhase section */

/* Begin PBXGroup section */
		46E7B0A72C1431ED0006F553 = {
			isa = PBXGroup;
			children = (
				46E7B0B22C1431ED0006F553 /* MovieDB */,
				46E7B0C32C1431EF0006F553 /* MovieDBTests */,
				46E7B0CD2C1431EF0006F553 /* MovieDBUITests */,
				46E7B0B12C1431ED0006F553 /* Products */,
			);
			sourceTree = "<group>";
		};
		46E7B0B12C1431ED0006F553 /* Products */ = {
			isa = PBXGroup;
			children = (
				46E7B0B02C1431ED0006F553 /* MovieDB.app */,
				46E7B0C02C1431EF0006F553 /* MovieDBTests.xctest */,
				46E7B0CA2C1431EF0006F553 /* MovieDBUITests.xctest */,
			);
			name = Products;
			sourceTree = "<group>";
		};
		46E7B0B22C1431ED0006F553 /* MovieDB */ = {
			isa = PBXGroup;
			children = (
				46E7B0FC2C15C2A90006F553 /* Service */,
				46E7B0F92C15C20D0006F553 /* Model */,
				46E7B0DD2C1432320006F553 /* Views */,
				46E7B0B32C1431ED0006F553 /* MovieDBApp.swift */,
				46E7B0B52C1431ED0006F553 /* ContentView.swift */,
				46E7B0B72C1431EE0006F553 /* Assets.xcassets */,
				46E7B0B92C1431EE0006F553 /* Preview Content */,
			);
			path = MovieDB;
			sourceTree = "<group>";
		};
		46E7B0B92C1431EE0006F553 /* Preview Content */ = {
			isa = PBXGroup;
			children = (
				46E7B0BA2C1431EE0006F553 /* Preview Assets.xcassets */,
			);
			path = "Preview Content";
			sourceTree = "<group>";
		};
		46E7B0C32C1431EF0006F553 /* MovieDBTests */ = {
			isa = PBXGroup;
			children = (
				46E7B0C42C1431EF0006F553 /* MovieDBTests.swift */,
			);
			path = MovieDBTests;
			sourceTree = "<group>";
		};
		46E7B0CD2C1431EF0006F553 /* MovieDBUITests */ = {
			isa = PBXGroup;
			children = (
				46E7B0CE2C1431EF0006F553 /* MovieDBUITests.swift */,
				46E7B0D02C1431EF0006F553 /* MovieDBUITestsLaunchTests.swift */,
			);
			path = MovieDBUITests;
			sourceTree = "<group>";
		};
		46E7B0DD2C1432320006F553 /* Views */ = {
			isa = PBXGroup;
			children = (
				46E7B0F32C1593B70006F553 /* HomePageView.swift */,
				46E7B0E62C14648A0006F553 /* TrendingView.swift */,
				46E7B0EB2C158F7B0006F553 /* NowPlayingView.swift */,
				46E7B0EF2C15931F0006F553 /* UpcomingView.swift */,
				46E7B0F12C1593400006F553 /* TopRatedView.swift */,
				46E7B0E82C1464D00006F553 /* TrendingHeadlineView.swift */,
				46E7B0ED2C158FDD0006F553 /* NowPlayingHeadlineView.swift */,
				46E7B0F52C15943F0006F553 /* UpcomingHeadlineView.swift */,
				46E7B0F72C15948E0006F553 /* TopRatedHeadlineView.swift */,
				46E7B0DE2C1435570006F553 /* MovieListView.swift */,
				46E7B0E02C1435670006F553 /* MovieCardView.swift */,
				46E7B0E22C14358F0006F553 /* MoviePosterRatingView.swift */,
				46E7B0E42C14390A0006F553 /* RatingIndicatorView.swift */,
			);
			path = Views;
			sourceTree = "<group>";
		};
		46E7B0F92C15C20D0006F553 /* Model */ = {
			isa = PBXGroup;
			children = (
				46E7B0FA2C15C2360006F553 /* Movie.swift */,
			);
			path = Model;
			sourceTree = "<group>";
		};
		46E7B0FC2C15C2A90006F553 /* Service */ = {
			isa = PBXGroup;
			children = (
				46E7B0FD2C15C2BB0006F553 /* APIService.swift */,
				46E7B1032C174F770006F553 /* MovieViewModel.swift */,
			);
			path = Service;
			sourceTree = "<group>";
		};
/* End PBXGroup section */

/* Begin PBXNativeTarget section */
		46E7B0AF2C1431ED0006F553 /* MovieDB */ = {
			isa = PBXNativeTarget;
			buildConfigurationList = 46E7B0D42C1431EF0006F553 /* Build configuration list for PBXNativeTarget "MovieDB" */;
			buildPhases = (
				46E7B0AC2C1431ED0006F553 /* Sources */,
				46E7B0AD2C1431ED0006F553 /* Frameworks */,
				46E7B0AE2C1431ED0006F553 /* Resources */,
			);
			buildRules = (
			);
			dependencies = (
			);
			name = MovieDB;
			productName = MovieDB;
			productReference = 46E7B0B02C1431ED0006F553 /* MovieDB.app */;
			productType = "com.apple.product-type.application";
		};
		46E7B0BF2C1431EF0006F553 /* MovieDBTests */ = {
			isa = PBXNativeTarget;
			buildConfigurationList = 46E7B0D72C1431EF0006F553 /* Build configuration list for PBXNativeTarget "MovieDBTests" */;
			buildPhases = (
				46E7B0BC2C1431EF0006F553 /* Sources */,
				46E7B0BD2C1431EF0006F553 /* Frameworks */,
				46E7B0BE2C1431EF0006F553 /* Resources */,
			);
			buildRules = (
			);
			dependencies = (
				46E7B0C22C1431EF0006F553 /* PBXTargetDependency */,
			);
			name = MovieDBTests;
			productName = MovieDBTests;
			productReference = 46E7B0C02C1431EF0006F553 /* MovieDBTests.xctest */;
			productType = "com.apple.product-type.bundle.unit-test";
		};
		46E7B0C92C1431EF0006F553 /* MovieDBUITests */ = {
			isa = PBXNativeTarget;
			buildConfigurationList = 46E7B0DA2C1431EF0006F553 /* Build configuration list for PBXNativeTarget "MovieDBUITests" */;
			buildPhases = (
				46E7B0C62C1431EF0006F553 /* Sources */,
				46E7B0C72C1431EF0006F553 /* Frameworks */,
				46E7B0C82C1431EF0006F553 /* Resources */,
			);
			buildRules = (
			);
			dependencies = (
				46E7B0CC2C1431EF0006F553 /* PBXTargetDependency */,
			);
			name = MovieDBUITests;
			productName = MovieDBUITests;
			productReference = 46E7B0CA2C1431EF0006F553 /* MovieDBUITests.xctest */;
			productType = "com.apple.product-type.bundle.ui-testing";
		};
/* End PBXNativeTarget section */

/* Begin PBXProject section */
		46E7B0A82C1431ED0006F553 /* Project object */ = {
			isa = PBXProject;
			attributes = {
				BuildIndependentTargetsInParallel = 1;
				LastSwiftUpdateCheck = 1530;
				LastUpgradeCheck = 1530;
				TargetAttributes = {
					46E7B0AF2C1431ED0006F553 = {
						CreatedOnToolsVersion = 15.3;
					};
					46E7B0BF2C1431EF0006F553 = {
						CreatedOnToolsVersion = 15.3;
						TestTargetID = 46E7B0AF2C1431ED0006F553;
					};
					46E7B0C92C1431EF0006F553 = {
						CreatedOnToolsVersion = 15.3;
						TestTargetID = 46E7B0AF2C1431ED0006F553;
					};
				};
			};
			buildConfigurationList = 46E7B0AB2C1431ED0006F553 /* Build configuration list for PBXProject "MovieDB" */;
			compatibilityVersion = "Xcode 14.0";
			developmentRegion = en;
			hasScannedForEncodings = 0;
			knownRegions = (
				en,
				Base,
			);
			mainGroup = 46E7B0A72C1431ED0006F553;
			productRefGroup = 46E7B0B12C1431ED0006F553 /* Products */;
			projectDirPath = "";
			projectRoot = "";
			targets = (
				46E7B0AF2C1431ED0006F553 /* MovieDB */,
				46E7B0BF2C1431EF0006F553 /* MovieDBTests */,
				46E7B0C92C1431EF0006F553 /* MovieDBUITests */,
			);
		};
/* End PBXProject section */

/* Begin PBXResourcesBuildPhase section */
		46E7B0AE2C1431ED0006F553 /* Resources */ = {
			isa = PBXResourcesBuildPhase;
			buildActionMask = 2147483647;
			files = (
				46E7B0BB2C1431EE0006F553 /* Preview Assets.xcassets in Resources */,
				46E7B0B82C1431EE0006F553 /* Assets.xcassets in Resources */,
			);
			runOnlyForDeploymentPostprocessing = 0;
		};
		46E7B0BE2C1431EF0006F553 /* Resources */ = {
			isa = PBXResourcesBuildPhase;
			buildActionMask = 2147483647;
			files = (
			);
			runOnlyForDeploymentPostprocessing = 0;
		};
		46E7B0C82C1431EF0006F553 /* Resources */ = {
			isa = PBXResourcesBuildPhase;
			buildActionMask = 2147483647;
			files = (
			);
			runOnlyForDeploymentPostprocessing = 0;
		};
/* End PBXResourcesBuildPhase section */

/* Begin PBXSourcesBuildPhase section */
		46E7B0AC2C1431ED0006F553 /* Sources */ = {
			isa = PBXSourcesBuildPhase;
			buildActionMask = 2147483647;
			files = (
				46E7B0FE2C15C2BB0006F553 /* APIService.swift in Sources */,
				46E7B0EC2C158F7B0006F553 /* NowPlayingView.swift in Sources */,
				46E7B0F42C1593B70006F553 /* HomePageView.swift in Sources */,
				46E7B0E72C14648A0006F553 /* TrendingView.swift in Sources */,
				46E7B0F02C15931F0006F553 /* UpcomingView.swift in Sources */,
				46E7B0B62C1431ED0006F553 /* ContentView.swift in Sources */,
				46E7B0E52C14390A0006F553 /* RatingIndicatorView.swift in Sources */,
				46E7B1042C174F770006F553 /* MovieViewModel.swift in Sources */,
				46E7B0FB2C15C2370006F553 /* Movie.swift in Sources */,
				46E7B0E32C14358F0006F553 /* MoviePosterRatingView.swift in Sources */,
				46E7B0B42C1431ED0006F553 /* MovieDBApp.swift in Sources */,
				46E7B0EE2C158FDD0006F553 /* NowPlayingHeadlineView.swift in Sources */,
				46E7B0E92C1464D00006F553 /* TrendingHeadlineView.swift in Sources */,
				46E7B0F62C15943F0006F553 /* UpcomingHeadlineView.swift in Sources */,
				46E7B0F82C15948E0006F553 /* TopRatedHeadlineView.swift in Sources */,
				46E7B0DF2C1435570006F553 /* MovieListView.swift in Sources */,
				46E7B0E12C1435670006F553 /* MovieCardView.swift in Sources */,
				46E7B0F22C1593400006F553 /* TopRatedView.swift in Sources */,
			);
			runOnlyForDeploymentPostprocessing = 0;
		};
		46E7B0BC2C1431EF0006F553 /* Sources */ = {
			isa = PBXSourcesBuildPhase;
			buildActionMask = 2147483647;
			files = (
				46E7B0C52C1431EF0006F553 /* MovieDBTests.swift in Sources */,
			);
			runOnlyForDeploymentPostprocessing = 0;
		};
		46E7B0C62C1431EF0006F553 /* Sources */ = {
			isa = PBXSourcesBuildPhase;
			buildActionMask = 2147483647;
			files = (
				46E7B0CF2C1431EF0006F553 /* MovieDBUITests.swift in Sources */,
				46E7B0D12C1431EF0006F553 /* MovieDBUITestsLaunchTests.swift in Sources */,
			);
			runOnlyForDeploymentPostprocessing = 0;
		};
/* End PBXSourcesBuildPhase section */

/* Begin PBXTargetDependency section */
		46E7B0C22C1431EF0006F553 /* PBXTargetDependency */ = {
			isa = PBXTargetDependency;
			target = 46E7B0AF2C1431ED0006F553 /* MovieDB */;
			targetProxy = 46E7B0C12C1431EF0006F553 /* PBXContainerItemProxy */;
		};
		46E7B0CC2C1431EF0006F553 /* PBXTargetDependency */ = {
			isa = PBXTargetDependency;
			target = 46E7B0AF2C1431ED0006F553 /* MovieDB */;
			targetProxy = 46E7B0CB2C1431EF0006F553 /* PBXContainerItemProxy */;
		};
/* End PBXTargetDependency section */

/* Begin XCBuildConfiguration section */
		46E7B0D22C1431EF0006F553 /* Debug */ = {
			isa = XCBuildConfiguration;
			buildSettings = {
				ALWAYS_SEARCH_USER_PATHS = NO;
				ASSETCATALOG_COMPILER_GENERATE_SWIFT_ASSET_SYMBOL_EXTENSIONS = YES;
				CLANG_ANALYZER_NONNULL = YES;
				CLANG_ANALYZER_NUMBER_OBJECT_CONVERSION = YES_AGGRESSIVE;
				CLANG_CXX_LANGUAGE_STANDARD = "gnu++20";
				CLANG_ENABLE_MODULES = YES;
				CLANG_ENABLE_OBJC_ARC = YES;
				CLANG_ENABLE_OBJC_WEAK = YES;
				CLANG_WARN_BLOCK_CAPTURE_AUTORELEASING = YES;
				CLANG_WARN_BOOL_CONVERSION = YES;
				CLANG_WARN_COMMA = YES;
				CLANG_WARN_CONSTANT_CONVERSION = YES;
				CLANG_WARN_DEPRECATED_OBJC_IMPLEMENTATIONS = YES;
				CLANG_WARN_DIRECT_OBJC_ISA_USAGE = YES_ERROR;
				CLANG_WARN_DOCUMENTATION_COMMENTS = YES;
				CLANG_WARN_EMPTY_BODY = YES;
				CLANG_WARN_ENUM_CONVERSION = YES;
				CLANG_WARN_INFINITE_RECURSION = YES;
				CLANG_WARN_INT_CONVERSION = YES;
				CLANG_WARN_NON_LITERAL_NULL_CONVERSION = YES;
				CLANG_WARN_OBJC_IMPLICIT_RETAIN_SELF = YES;
				CLANG_WARN_OBJC_LITERAL_CONVERSION = YES;
				CLANG_WARN_OBJC_ROOT_CLASS = YES_ERROR;
				CLANG_WARN_QUOTED_INCLUDE_IN_FRAMEWORK_HEADER = YES;
				CLANG_WARN_RANGE_LOOP_ANALYSIS = YES;
				CLANG_WARN_STRICT_PROTOTYPES = YES;
				CLANG_WARN_SUSPICIOUS_MOVE = YES;
				CLANG_WARN_UNGUARDED_AVAILABILITY = YES_AGGRESSIVE;
				CLANG_WARN_UNREACHABLE_CODE = YES;
				CLANG_WARN__DUPLICATE_METHOD_MATCH = YES;
				COPY_PHASE_STRIP = NO;
				DEBUG_INFORMATION_FORMAT = dwarf;
				ENABLE_STRICT_OBJC_MSGSEND = YES;
				ENABLE_TESTABILITY = YES;
				ENABLE_USER_SCRIPT_SANDBOXING = YES;
				GCC_C_LANGUAGE_STANDARD = gnu17;
				GCC_DYNAMIC_NO_PIC = NO;
				GCC_NO_COMMON_BLOCKS = YES;
				GCC_OPTIMIZATION_LEVEL = 0;
				GCC_PREPROCESSOR_DEFINITIONS = (
					"DEBUG=1",
					"$(inherited)",
				);
				GCC_WARN_64_TO_32_BIT_CONVERSION = YES;
				GCC_WARN_ABOUT_RETURN_TYPE = YES_ERROR;
				GCC_WARN_UNDECLARED_SELECTOR = YES;
				GCC_WARN_UNINITIALIZED_AUTOS = YES_AGGRESSIVE;
				GCC_WARN_UNUSED_FUNCTION = YES;
				GCC_WARN_UNUSED_VARIABLE = YES;
				IPHONEOS_DEPLOYMENT_TARGET = 17.4;
				LOCALIZATION_PREFERS_STRING_CATALOGS = YES;
				MTL_ENABLE_DEBUG_INFO = INCLUDE_SOURCE;
				MTL_FAST_MATH = YES;
				ONLY_ACTIVE_ARCH = YES;
				SDKROOT = iphoneos;
				SWIFT_ACTIVE_COMPILATION_CONDITIONS = "DEBUG $(inherited)";
				SWIFT_OPTIMIZATION_LEVEL = "-Onone";
			};
			name = Debug;
		};
		46E7B0D32C1431EF0006F553 /* Release */ = {
			isa = XCBuildConfiguration;
			buildSettings = {
				ALWAYS_SEARCH_USER_PATHS = NO;
				ASSETCATALOG_COMPILER_GENERATE_SWIFT_ASSET_SYMBOL_EXTENSIONS = YES;
				CLANG_ANALYZER_NONNULL = YES;
				CLANG_ANALYZER_NUMBER_OBJECT_CONVERSION = YES_AGGRESSIVE;
				CLANG_CXX_LANGUAGE_STANDARD = "gnu++20";
				CLANG_ENABLE_MODULES = YES;
				CLANG_ENABLE_OBJC_ARC = YES;
				CLANG_ENABLE_OBJC_WEAK = YES;
				CLANG_WARN_BLOCK_CAPTURE_AUTORELEASING = YES;
				CLANG_WARN_BOOL_CONVERSION = YES;
				CLANG_WARN_COMMA = YES;
				CLANG_WARN_CONSTANT_CONVERSION = YES;
				CLANG_WARN_DEPRECATED_OBJC_IMPLEMENTATIONS = YES;
				CLANG_WARN_DIRECT_OBJC_ISA_USAGE = YES_ERROR;
				CLANG_WARN_DOCUMENTATION_COMMENTS = YES;
				CLANG_WARN_EMPTY_BODY = YES;
				CLANG_WARN_ENUM_CONVERSION = YES;
				CLANG_WARN_INFINITE_RECURSION = YES;
				CLANG_WARN_INT_CONVERSION = YES;
				CLANG_WARN_NON_LITERAL_NULL_CONVERSION = YES;
				CLANG_WARN_OBJC_IMPLICIT_RETAIN_SELF = YES;
				CLANG_WARN_OBJC_LITERAL_CONVERSION = YES;
				CLANG_WARN_OBJC_ROOT_CLASS = YES_ERROR;
				CLANG_WARN_QUOTED_INCLUDE_IN_FRAMEWORK_HEADER = YES;
				CLANG_WARN_RANGE_LOOP_ANALYSIS = YES;
				CLANG_WARN_STRICT_PROTOTYPES = YES;
				CLANG_WARN_SUSPICIOUS_MOVE = YES;
				CLANG_WARN_UNGUARDED_AVAILABILITY = YES_AGGRESSIVE;
				CLANG_WARN_UNREACHABLE_CODE = YES;
				CLANG_WARN__DUPLICATE_METHOD_MATCH = YES;
				COPY_PHASE_STRIP = NO;
				DEBUG_INFORMATION_FORMAT = "dwarf-with-dsym";
				ENABLE_NS_ASSERTIONS = NO;
				ENABLE_STRICT_OBJC_MSGSEND = YES;
				ENABLE_USER_SCRIPT_SANDBOXING = YES;
				GCC_C_LANGUAGE_STANDARD = gnu17;
				GCC_NO_COMMON_BLOCKS = YES;
				GCC_WARN_64_TO_32_BIT_CONVERSION = YES;
				GCC_WARN_ABOUT_RETURN_TYPE = YES_ERROR;
				GCC_WARN_UNDECLARED_SELECTOR = YES;
				GCC_WARN_UNINITIALIZED_AUTOS = YES_AGGRESSIVE;
				GCC_WARN_UNUSED_FUNCTION = YES;
				GCC_WARN_UNUSED_VARIABLE = YES;
				IPHONEOS_DEPLOYMENT_TARGET = 17.4;
				LOCALIZATION_PREFERS_STRING_CATALOGS = YES;
				MTL_ENABLE_DEBUG_INFO = NO;
				MTL_FAST_MATH = YES;
				SDKROOT = iphoneos;
				SWIFT_COMPILATION_MODE = wholemodule;
				VALIDATE_PRODUCT = YES;
			};
			name = Release;
		};
		46E7B0D52C1431EF0006F553 /* Debug */ = {
			isa = XCBuildConfiguration;
			buildSettings = {
				ASSETCATALOG_COMPILER_APPICON_NAME = AppIcon;
				ASSETCATALOG_COMPILER_GLOBAL_ACCENT_COLOR_NAME = AccentColor;
				CODE_SIGN_STYLE = Automatic;
				CURRENT_PROJECT_VERSION = 1;
				DEVELOPMENT_ASSET_PATHS = "\"MovieDB/Preview Content\"";
				ENABLE_PREVIEWS = YES;
				GENERATE_INFOPLIST_FILE = YES;
				INFOPLIST_KEY_UIApplicationSceneManifest_Generation = YES;
				INFOPLIST_KEY_UIApplicationSupportsIndirectInputEvents = YES;
				INFOPLIST_KEY_UILaunchScreen_Generation = YES;
				INFOPLIST_KEY_UISupportedInterfaceOrientations_iPad = "UIInterfaceOrientationPortrait UIInterfaceOrientationPortraitUpsideDown UIInterfaceOrientationLandscapeLeft UIInterfaceOrientationLandscapeRight";
				INFOPLIST_KEY_UISupportedInterfaceOrientations_iPhone = "UIInterfaceOrientationPortrait UIInterfaceOrientationLandscapeLeft UIInterfaceOrientationLandscapeRight";
				LD_RUNPATH_SEARCH_PATHS = (
					"$(inherited)",
					"@executable_path/Frameworks",
				);
				MARKETING_VERSION = 1.0;
				PRODUCT_BUNDLE_IDENTIFIER = co.MovieDB;
				PRODUCT_NAME = "$(TARGET_NAME)";
				SWIFT_EMIT_LOC_STRINGS = YES;
				SWIFT_VERSION = 5.0;
				TARGETED_DEVICE_FAMILY = "1,2";
			};
			name = Debug;
		};
		46E7B0D62C1431EF0006F553 /* Release */ = {
			isa = XCBuildConfiguration;
			buildSettings = {
				ASSETCATALOG_COMPILER_APPICON_NAME = AppIcon;
				ASSETCATALOG_COMPILER_GLOBAL_ACCENT_COLOR_NAME = AccentColor;
				CODE_SIGN_STYLE = Automatic;
				CURRENT_PROJECT_VERSION = 1;
				DEVELOPMENT_ASSET_PATHS = "\"MovieDB/Preview Content\"";
				ENABLE_PREVIEWS = YES;
				GENERATE_INFOPLIST_FILE = YES;
				INFOPLIST_KEY_UIApplicationSceneManifest_Generation = YES;
				INFOPLIST_KEY_UIApplicationSupportsIndirectInputEvents = YES;
				INFOPLIST_KEY_UILaunchScreen_Generation = YES;
				INFOPLIST_KEY_UISupportedInterfaceOrientations_iPad = "UIInterfaceOrientationPortrait UIInterfaceOrientationPortraitUpsideDown UIInterfaceOrientationLandscapeLeft UIInterfaceOrientationLandscapeRight";
				INFOPLIST_KEY_UISupportedInterfaceOrientations_iPhone = "UIInterfaceOrientationPortrait UIInterfaceOrientationLandscapeLeft UIInterfaceOrientationLandscapeRight";
				LD_RUNPATH_SEARCH_PATHS = (
					"$(inherited)",
					"@executable_path/Frameworks",
				);
				MARKETING_VERSION = 1.0;
				PRODUCT_BUNDLE_IDENTIFIER = co.MovieDB;
				PRODUCT_NAME = "$(TARGET_NAME)";
				SWIFT_EMIT_LOC_STRINGS = YES;
				SWIFT_VERSION = 5.0;
				TARGETED_DEVICE_FAMILY = "1,2";
			};
			name = Release;
		};
		46E7B0D82C1431EF0006F553 /* Debug */ = {
			isa = XCBuildConfiguration;
			buildSettings = {
				ALWAYS_EMBED_SWIFT_STANDARD_LIBRARIES = YES;
				BUNDLE_LOADER = "$(TEST_HOST)";
				CODE_SIGN_STYLE = Automatic;
				CURRENT_PROJECT_VERSION = 1;
				GENERATE_INFOPLIST_FILE = YES;
				IPHONEOS_DEPLOYMENT_TARGET = 17.4;
				MARKETING_VERSION = 1.0;
				PRODUCT_BUNDLE_IDENTIFIER = co.MovieDBTests;
				PRODUCT_NAME = "$(TARGET_NAME)";
				SWIFT_EMIT_LOC_STRINGS = NO;
				SWIFT_VERSION = 5.0;
				TARGETED_DEVICE_FAMILY = "1,2";
				TEST_HOST = "$(BUILT_PRODUCTS_DIR)/MovieDB.app/$(BUNDLE_EXECUTABLE_FOLDER_PATH)/MovieDB";
			};
			name = Debug;
		};
		46E7B0D92C1431EF0006F553 /* Release */ = {
			isa = XCBuildConfiguration;
			buildSettings = {
				ALWAYS_EMBED_SWIFT_STANDARD_LIBRARIES = YES;
				BUNDLE_LOADER = "$(TEST_HOST)";
				CODE_SIGN_STYLE = Automatic;
				CURRENT_PROJECT_VERSION = 1;
				GENERATE_INFOPLIST_FILE = YES;
				IPHONEOS_DEPLOYMENT_TARGET = 17.4;
				MARKETING_VERSION = 1.0;
				PRODUCT_BUNDLE_IDENTIFIER = co.MovieDBTests;
				PRODUCT_NAME = "$(TARGET_NAME)";
				SWIFT_EMIT_LOC_STRINGS = NO;
				SWIFT_VERSION = 5.0;
				TARGETED_DEVICE_FAMILY = "1,2";
				TEST_HOST = "$(BUILT_PRODUCTS_DIR)/MovieDB.app/$(BUNDLE_EXECUTABLE_FOLDER_PATH)/MovieDB";
			};
			name = Release;
		};
		46E7B0DB2C1431EF0006F553 /* Debug */ = {
			isa = XCBuildConfiguration;
			buildSettings = {
				ALWAYS_EMBED_SWIFT_STANDARD_LIBRARIES = YES;
				CODE_SIGN_STYLE = Automatic;
				CURRENT_PROJECT_VERSION = 1;
				GENERATE_INFOPLIST_FILE = YES;
				MARKETING_VERSION = 1.0;
				PRODUCT_BUNDLE_IDENTIFIER = co.MovieDBUITests;
				PRODUCT_NAME = "$(TARGET_NAME)";
				SWIFT_EMIT_LOC_STRINGS = NO;
				SWIFT_VERSION = 5.0;
				TARGETED_DEVICE_FAMILY = "1,2";
				TEST_TARGET_NAME = MovieDB;
			};
			name = Debug;
		};
		46E7B0DC2C1431EF0006F553 /* Release */ = {
			isa = XCBuildConfiguration;
			buildSettings = {
				ALWAYS_EMBED_SWIFT_STANDARD_LIBRARIES = YES;
				CODE_SIGN_STYLE = Automatic;
				CURRENT_PROJECT_VERSION = 1;
				GENERATE_INFOPLIST_FILE = YES;
				MARKETING_VERSION = 1.0;
				PRODUCT_BUNDLE_IDENTIFIER = co.MovieDBUITests;
				PRODUCT_NAME = "$(TARGET_NAME)";
				SWIFT_EMIT_LOC_STRINGS = NO;
				SWIFT_VERSION = 5.0;
				TARGETED_DEVICE_FAMILY = "1,2";
				TEST_TARGET_NAME = MovieDB;
			};
			name = Release;
		};
/* End XCBuildConfiguration section */

/* Begin XCConfigurationList section */
		46E7B0AB2C1431ED0006F553 /* Build configuration list for PBXProject "MovieDB" */ = {
			isa = XCConfigurationList;
			buildConfigurations = (
				46E7B0D22C1431EF0006F553 /* Debug */,
				46E7B0D32C1431EF0006F553 /* Release */,
			);
			defaultConfigurationIsVisible = 0;
			defaultConfigurationName = Release;
		};
		46E7B0D42C1431EF0006F553 /* Build configuration list for PBXNativeTarget "MovieDB" */ = {
			isa = XCConfigurationList;
			buildConfigurations = (
				46E7B0D52C1431EF0006F553 /* Debug */,
				46E7B0D62C1431EF0006F553 /* Release */,
			);
			defaultConfigurationIsVisible = 0;
			defaultConfigurationName = Release;
		};
		46E7B0D72C1431EF0006F553 /* Build configuration list for PBXNativeTarget "MovieDBTests" */ = {
			isa = XCConfigurationList;
			buildConfigurations = (
				46E7B0D82C1431EF0006F553 /* Debug */,
				46E7B0D92C1431EF0006F553 /* Release */,
			);
			defaultConfigurationIsVisible = 0;
			defaultConfigurationName = Release;
		};
		46E7B0DA2C1431EF0006F553 /* Build configuration list for PBXNativeTarget "MovieDBUITests" */ = {
			isa = XCConfigurationList;
			buildConfigurations = (
				46E7B0DB2C1431EF0006F553 /* Debug */,
				46E7B0DC2C1431EF0006F553 /* Release */,
			);
			defaultConfigurationIsVisible = 0;
			defaultConfigurationName = Release;
		};
/* End XCConfigurationList section */
	};
	rootObject = 46E7B0A82C1431ED0006F553 /* Project object */;
}
